
Microsoft Visual Studio Solution File, Format Version 12.00
# Visual Studio 15
VisualStudioVersion = 15.0.27130.2010
MinimumVisualStudioVersion = 10.0.40219.1
Project("{9A19103F-16F7-4668-BE54-9A1E7A4F7556}") = "ADONetHelper", "ADONetHelper\ADONetHelper.csproj", "{239B6EFE-F9EA-4549-8BB9-00CDDC370785}"
EndProject
Project("{2150E333-8FDC-42A3-9474-1A3956D46DE8}") = "Tests", "Tests", "{3DC58A49-E1A6-46BE-989D-BC78EFE0E988}"
EndProject
Project("{FAE04EC0-301F-11D3-BF4B-00C04F79EFBC}") = "ADONetHelper.Tests.NetCore", "ADONetHelper.Tests.NetCore\ADONetHelper.Tests.NetCore.csproj", "{AE324E80-87A0-42B3-85D9-035664FDCDB3}"
EndProject
Global
	GlobalSection(SolutionConfigurationPlatforms) = preSolution
		Debug|Any CPU = Debug|Any CPU
		Debug|x64 = Debug|x64
		Release|Any CPU = Release|Any CPU
		Release|x64 = Release|x64
	EndGlobalSection
	GlobalSection(ProjectConfigurationPlatforms) = postSolution
		{239B6EFE-F9EA-4549-8BB9-00CDDC370785}.Debug|Any CPU.ActiveCfg = Debug|Any CPU
		{239B6EFE-F9EA-4549-8BB9-00CDDC370785}.Debug|Any CPU.Build.0 = Debug|Any CPU
		{239B6EFE-F9EA-4549-8BB9-00CDDC370785}.Debug|x64.ActiveCfg = Debug|Any CPU
		{239B6EFE-F9EA-4549-8BB9-00CDDC370785}.Debug|x64.Build.0 = Debug|Any CPU
		{239B6EFE-F9EA-4549-8BB9-00CDDC370785}.Release|Any CPU.ActiveCfg = Release|Any CPU
		{239B6EFE-F9EA-4549-8BB9-00CDDC370785}.Release|Any CPU.Build.0 = Release|Any CPU
		{239B6EFE-F9EA-4549-8BB9-00CDDC370785}.Release|x64.ActiveCfg = Release|Any CPU
		{239B6EFE-F9EA-4549-8BB9-00CDDC370785}.Release|x64.Build.0 = Release|Any CPU
		{AE324E80-87A0-42B3-85D9-035664FDCDB3}.Debug|Any CPU.ActiveCfg = Debug|Any CPU
		{AE324E80-87A0-42B3-85D9-035664FDCDB3}.Debug|Any CPU.Build.0 = Debug|Any CPU
		{AE324E80-87A0-42B3-85D9-035664FDCDB3}.Debug|x64.ActiveCfg = Debug|Any CPU
		{AE324E80-87A0-42B3-85D9-035664FDCDB3}.Debug|x64.Build.0 = Debug|Any CPU
		{AE324E80-87A0-42B3-85D9-035664FDCDB3}.Release|Any CPU.ActiveCfg = Release|Any CPU
		{AE324E80-87A0-42B3-85D9-035664FDCDB3}.Release|Any CPU.Build.0 = Release|Any CPU
		{AE324E80-87A0-42B3-85D9-035664FDCDB3}.Release|x64.ActiveCfg = Release|Any CPU
		{AE324E80-87A0-42B3-85D9-035664FDCDB3}.Release|x64.Build.0 = Release|Any CPU
	EndGlobalSection
	GlobalSection(SolutionProperties) = preSolution
		HideSolutionNode = FALSE
	EndGlobalSection
	GlobalSection(NestedProjects) = preSolution
		{AE324E80-87A0-42B3-85D9-035664FDCDB3} = {3DC58A49-E1A6-46BE-989D-BC78EFE0E988}
	EndGlobalSection
	GlobalSection(ExtensibilityGlobals) = postSolution
		SolutionGuid = {3D8A1F1D-0E27-412E-9E5C-C16121B7990D}
	EndGlobalSection
EndGlobal
