
Microsoft Visual Studio Solution File, Format Version 12.00
# Visual Studio 15
VisualStudioVersion = 15.0.27130.2010
MinimumVisualStudioVersion = 10.0.40219.1
Project("{9A19103F-16F7-4668-BE54-9A1E7A4F7556}") = "ADONetHelper", "ADONetHelper\ADONetHelper.csproj", "{239B6EFE-F9EA-4549-8BB9-00CDDC370785}"
EndProject
Project("{9A19103F-16F7-4668-BE54-9A1E7A4F7556}") = "ADONetHelper.Tests", "ADONetHelper.Tests\ADONetHelper.Tests.csproj", "{F13DAA84-F56D-4AA6-9ADF-BAC99722824E}"
EndProject
Project("{9A19103F-16F7-4668-BE54-9A1E7A4F7556}") = "ADONetHelper.Postgres", "ADONetHelper.Postgres\ADONetHelper.Postgres.csproj", "{51778450-98F3-49F2-883B-88300B59830B}"
EndProject
Project("{9A19103F-16F7-4668-BE54-9A1E7A4F7556}") = "ADONetHelper.SqlServer", "ADONetHelper.SqlServer\ADONetHelper.SqlServer.csproj", "{2509D18E-A036-4204-A95E-A12D8617C0F9}"
EndProject
Project("{9A19103F-16F7-4668-BE54-9A1E7A4F7556}") = "ADONetHelper.Sqlite", "ADONetHelper.Sqlite\ADONetHelper.Sqlite.csproj", "{60312652-5F5A-40FA-A991-CC73CA71799F}"
EndProject
Project("{9A19103F-16F7-4668-BE54-9A1E7A4F7556}") = "ADONetHelper.Oracle", "ADONetHelper.Oracle\ADONetHelper.Oracle.csproj", "{03ED671C-EC4D-4385-BB20-9F7799B2ABA9}"
EndProject
Project("{9A19103F-16F7-4668-BE54-9A1E7A4F7556}") = "ADONetHelper.DB2", "ADONetHelper.DB2\ADONetHelper.DB2.csproj", "{E2DD99F7-EBBB-44BA-93F0-C4727EC1111D}"
EndProject
Project("{9A19103F-16F7-4668-BE54-9A1E7A4F7556}") = "ADONetHelper.Teradata", "ADONetHelper.Teradata\ADONetHelper.Teradata.csproj", "{985024E4-DE1C-4ED4-8FE6-A10E4DA7522A}"
EndProject
Project("{9A19103F-16F7-4668-BE54-9A1E7A4F7556}") = "ADONetHelper.ASE", "ADONetHelper.ASE\ADONetHelper.ASE.csproj", "{71B6F460-E325-45DD-B131-33EBDA5CAE8E}"
EndProject
Project("{9A19103F-16F7-4668-BE54-9A1E7A4F7556}") = "ADONetHelper.Odbc", "ADONetHelper.Odbc\ADONetHelper.Odbc.csproj", "{F301F3A0-9A4B-4B1F-B3EC-7F032C9D10BE}"
EndProject
Project("{9A19103F-16F7-4668-BE54-9A1E7A4F7556}") = "ADONetHelper.NuoDb", "ADONetHelper.NuoDb\ADONetHelper.NuoDb.csproj", "{4BCB3E95-D409-404F-BB54-AB4BA9BB43FE}"
EndProject
Project("{9A19103F-16F7-4668-BE54-9A1E7A4F7556}") = "ADONetHelper.Oledb", "ADONetHelper.Oledb\ADONetHelper.Oledb.csproj", "{3DC31A09-B18D-46A2-90C5-55F55DE1BE68}"
EndProject
Project("{9A19103F-16F7-4668-BE54-9A1E7A4F7556}") = "ADONetHelper.Snowflake", "ADONetHelper.Snowflake\ADONetHelper.Snowflake.csproj", "{9B239CD6-1C9D-4149-B029-73C4C6DBB3F5}"
EndProject
Global
	GlobalSection(SolutionConfigurationPlatforms) = preSolution
		Debug|Any CPU = Debug|Any CPU
		Debug|x64 = Debug|x64
		Release|Any CPU = Release|Any CPU
		Release|x64 = Release|x64
	EndGlobalSection
	GlobalSection(ProjectConfigurationPlatforms) = postSolution
		{239B6EFE-F9EA-4549-8BB9-00CDDC370785}.Debug|Any CPU.ActiveCfg = Debug|Any CPU
		{239B6EFE-F9EA-4549-8BB9-00CDDC370785}.Debug|Any CPU.Build.0 = Debug|Any CPU
		{239B6EFE-F9EA-4549-8BB9-00CDDC370785}.Debug|x64.ActiveCfg = Debug|Any CPU
		{239B6EFE-F9EA-4549-8BB9-00CDDC370785}.Debug|x64.Build.0 = Debug|Any CPU
		{239B6EFE-F9EA-4549-8BB9-00CDDC370785}.Release|Any CPU.ActiveCfg = Release|Any CPU
		{239B6EFE-F9EA-4549-8BB9-00CDDC370785}.Release|Any CPU.Build.0 = Release|Any CPU
		{239B6EFE-F9EA-4549-8BB9-00CDDC370785}.Release|x64.ActiveCfg = Release|Any CPU
		{239B6EFE-F9EA-4549-8BB9-00CDDC370785}.Release|x64.Build.0 = Release|Any CPU
		{F13DAA84-F56D-4AA6-9ADF-BAC99722824E}.Debug|Any CPU.ActiveCfg = Debug|Any CPU
		{F13DAA84-F56D-4AA6-9ADF-BAC99722824E}.Debug|Any CPU.Build.0 = Debug|Any CPU
		{F13DAA84-F56D-4AA6-9ADF-BAC99722824E}.Debug|x64.ActiveCfg = Debug|Any CPU
		{F13DAA84-F56D-4AA6-9ADF-BAC99722824E}.Debug|x64.Build.0 = Debug|Any CPU
		{F13DAA84-F56D-4AA6-9ADF-BAC99722824E}.Release|Any CPU.ActiveCfg = Release|Any CPU
		{F13DAA84-F56D-4AA6-9ADF-BAC99722824E}.Release|Any CPU.Build.0 = Release|Any CPU
		{F13DAA84-F56D-4AA6-9ADF-BAC99722824E}.Release|x64.ActiveCfg = Release|Any CPU
		{F13DAA84-F56D-4AA6-9ADF-BAC99722824E}.Release|x64.Build.0 = Release|Any CPU
		{51778450-98F3-49F2-883B-88300B59830B}.Debug|Any CPU.ActiveCfg = Debug|Any CPU
		{51778450-98F3-49F2-883B-88300B59830B}.Debug|Any CPU.Build.0 = Debug|Any CPU
		{51778450-98F3-49F2-883B-88300B59830B}.Debug|x64.ActiveCfg = Debug|Any CPU
		{51778450-98F3-49F2-883B-88300B59830B}.Debug|x64.Build.0 = Debug|Any CPU
		{51778450-98F3-49F2-883B-88300B59830B}.Release|Any CPU.ActiveCfg = Release|Any CPU
		{51778450-98F3-49F2-883B-88300B59830B}.Release|Any CPU.Build.0 = Release|Any CPU
		{51778450-98F3-49F2-883B-88300B59830B}.Release|x64.ActiveCfg = Release|Any CPU
		{51778450-98F3-49F2-883B-88300B59830B}.Release|x64.Build.0 = Release|Any CPU
		{2509D18E-A036-4204-A95E-A12D8617C0F9}.Debug|Any CPU.ActiveCfg = Debug|Any CPU
		{2509D18E-A036-4204-A95E-A12D8617C0F9}.Debug|Any CPU.Build.0 = Debug|Any CPU
		{2509D18E-A036-4204-A95E-A12D8617C0F9}.Debug|x64.ActiveCfg = Debug|Any CPU
		{2509D18E-A036-4204-A95E-A12D8617C0F9}.Debug|x64.Build.0 = Debug|Any CPU
		{2509D18E-A036-4204-A95E-A12D8617C0F9}.Release|Any CPU.ActiveCfg = Release|Any CPU
		{2509D18E-A036-4204-A95E-A12D8617C0F9}.Release|Any CPU.Build.0 = Release|Any CPU
		{2509D18E-A036-4204-A95E-A12D8617C0F9}.Release|x64.ActiveCfg = Release|Any CPU
		{2509D18E-A036-4204-A95E-A12D8617C0F9}.Release|x64.Build.0 = Release|Any CPU
		{60312652-5F5A-40FA-A991-CC73CA71799F}.Debug|Any CPU.ActiveCfg = Debug|Any CPU
		{60312652-5F5A-40FA-A991-CC73CA71799F}.Debug|Any CPU.Build.0 = Debug|Any CPU
		{60312652-5F5A-40FA-A991-CC73CA71799F}.Debug|x64.ActiveCfg = Debug|Any CPU
		{60312652-5F5A-40FA-A991-CC73CA71799F}.Debug|x64.Build.0 = Debug|Any CPU
		{60312652-5F5A-40FA-A991-CC73CA71799F}.Release|Any CPU.ActiveCfg = Release|Any CPU
		{60312652-5F5A-40FA-A991-CC73CA71799F}.Release|Any CPU.Build.0 = Release|Any CPU
		{60312652-5F5A-40FA-A991-CC73CA71799F}.Release|x64.ActiveCfg = Release|Any CPU
		{60312652-5F5A-40FA-A991-CC73CA71799F}.Release|x64.Build.0 = Release|Any CPU
		{03ED671C-EC4D-4385-BB20-9F7799B2ABA9}.Debug|Any CPU.ActiveCfg = Debug|Any CPU
		{03ED671C-EC4D-4385-BB20-9F7799B2ABA9}.Debug|Any CPU.Build.0 = Debug|Any CPU
		{03ED671C-EC4D-4385-BB20-9F7799B2ABA9}.Debug|x64.ActiveCfg = Debug|Any CPU
		{03ED671C-EC4D-4385-BB20-9F7799B2ABA9}.Debug|x64.Build.0 = Debug|Any CPU
		{03ED671C-EC4D-4385-BB20-9F7799B2ABA9}.Release|Any CPU.ActiveCfg = Release|Any CPU
		{03ED671C-EC4D-4385-BB20-9F7799B2ABA9}.Release|Any CPU.Build.0 = Release|Any CPU
		{03ED671C-EC4D-4385-BB20-9F7799B2ABA9}.Release|x64.ActiveCfg = Release|Any CPU
		{03ED671C-EC4D-4385-BB20-9F7799B2ABA9}.Release|x64.Build.0 = Release|Any CPU
		{E2DD99F7-EBBB-44BA-93F0-C4727EC1111D}.Debug|Any CPU.ActiveCfg = Debug|x64
		{E2DD99F7-EBBB-44BA-93F0-C4727EC1111D}.Debug|x64.ActiveCfg = Debug|x64
		{E2DD99F7-EBBB-44BA-93F0-C4727EC1111D}.Debug|x64.Build.0 = Debug|x64
		{E2DD99F7-EBBB-44BA-93F0-C4727EC1111D}.Release|Any CPU.ActiveCfg = Release|x64
		{E2DD99F7-EBBB-44BA-93F0-C4727EC1111D}.Release|x64.ActiveCfg = Release|x64
		{E2DD99F7-EBBB-44BA-93F0-C4727EC1111D}.Release|x64.Build.0 = Release|x64
		{985024E4-DE1C-4ED4-8FE6-A10E4DA7522A}.Debug|Any CPU.ActiveCfg = Debug|Any CPU
		{985024E4-DE1C-4ED4-8FE6-A10E4DA7522A}.Debug|Any CPU.Build.0 = Debug|Any CPU
		{985024E4-DE1C-4ED4-8FE6-A10E4DA7522A}.Debug|x64.ActiveCfg = Debug|Any CPU
		{985024E4-DE1C-4ED4-8FE6-A10E4DA7522A}.Debug|x64.Build.0 = Debug|Any CPU
		{985024E4-DE1C-4ED4-8FE6-A10E4DA7522A}.Release|Any CPU.ActiveCfg = Release|Any CPU
		{985024E4-DE1C-4ED4-8FE6-A10E4DA7522A}.Release|Any CPU.Build.0 = Release|Any CPU
		{985024E4-DE1C-4ED4-8FE6-A10E4DA7522A}.Release|x64.ActiveCfg = Release|Any CPU
		{985024E4-DE1C-4ED4-8FE6-A10E4DA7522A}.Release|x64.Build.0 = Release|Any CPU
		{71B6F460-E325-45DD-B131-33EBDA5CAE8E}.Debug|Any CPU.ActiveCfg = Debug|x64
		{71B6F460-E325-45DD-B131-33EBDA5CAE8E}.Debug|x64.ActiveCfg = Debug|x64
		{71B6F460-E325-45DD-B131-33EBDA5CAE8E}.Debug|x64.Build.0 = Debug|x64
		{71B6F460-E325-45DD-B131-33EBDA5CAE8E}.Release|Any CPU.ActiveCfg = Release|x64
		{71B6F460-E325-45DD-B131-33EBDA5CAE8E}.Release|x64.ActiveCfg = Release|x64
		{71B6F460-E325-45DD-B131-33EBDA5CAE8E}.Release|x64.Build.0 = Release|x64
		{F301F3A0-9A4B-4B1F-B3EC-7F032C9D10BE}.Debug|Any CPU.ActiveCfg = Debug|Any CPU
		{F301F3A0-9A4B-4B1F-B3EC-7F032C9D10BE}.Debug|Any CPU.Build.0 = Debug|Any CPU
		{F301F3A0-9A4B-4B1F-B3EC-7F032C9D10BE}.Debug|x64.ActiveCfg = Debug|Any CPU
		{F301F3A0-9A4B-4B1F-B3EC-7F032C9D10BE}.Debug|x64.Build.0 = Debug|Any CPU
		{F301F3A0-9A4B-4B1F-B3EC-7F032C9D10BE}.Release|Any CPU.ActiveCfg = Release|Any CPU
		{F301F3A0-9A4B-4B1F-B3EC-7F032C9D10BE}.Release|Any CPU.Build.0 = Release|Any CPU
		{F301F3A0-9A4B-4B1F-B3EC-7F032C9D10BE}.Release|x64.ActiveCfg = Release|Any CPU
		{F301F3A0-9A4B-4B1F-B3EC-7F032C9D10BE}.Release|x64.Build.0 = Release|Any CPU
		{4BCB3E95-D409-404F-BB54-AB4BA9BB43FE}.Debug|Any CPU.ActiveCfg = Debug|Any CPU
		{4BCB3E95-D409-404F-BB54-AB4BA9BB43FE}.Debug|Any CPU.Build.0 = Debug|Any CPU
		{4BCB3E95-D409-404F-BB54-AB4BA9BB43FE}.Debug|x64.ActiveCfg = Debug|Any CPU
		{4BCB3E95-D409-404F-BB54-AB4BA9BB43FE}.Debug|x64.Build.0 = Debug|Any CPU
		{4BCB3E95-D409-404F-BB54-AB4BA9BB43FE}.Release|Any CPU.ActiveCfg = Release|Any CPU
		{4BCB3E95-D409-404F-BB54-AB4BA9BB43FE}.Release|Any CPU.Build.0 = Release|Any CPU
		{4BCB3E95-D409-404F-BB54-AB4BA9BB43FE}.Release|x64.ActiveCfg = Release|Any CPU
		{4BCB3E95-D409-404F-BB54-AB4BA9BB43FE}.Release|x64.Build.0 = Release|Any CPU
		{3DC31A09-B18D-46A2-90C5-55F55DE1BE68}.Debug|Any CPU.ActiveCfg = Debug|Any CPU
		{3DC31A09-B18D-46A2-90C5-55F55DE1BE68}.Debug|Any CPU.Build.0 = Debug|Any CPU
		{3DC31A09-B18D-46A2-90C5-55F55DE1BE68}.Debug|x64.ActiveCfg = Debug|Any CPU
		{3DC31A09-B18D-46A2-90C5-55F55DE1BE68}.Debug|x64.Build.0 = Debug|Any CPU
		{3DC31A09-B18D-46A2-90C5-55F55DE1BE68}.Release|Any CPU.ActiveCfg = Release|Any CPU
		{3DC31A09-B18D-46A2-90C5-55F55DE1BE68}.Release|Any CPU.Build.0 = Release|Any CPU
		{3DC31A09-B18D-46A2-90C5-55F55DE1BE68}.Release|x64.ActiveCfg = Release|Any CPU
		{3DC31A09-B18D-46A2-90C5-55F55DE1BE68}.Release|x64.Build.0 = Release|Any CPU
		{9B239CD6-1C9D-4149-B029-73C4C6DBB3F5}.Debug|Any CPU.ActiveCfg = Debug|Any CPU
		{9B239CD6-1C9D-4149-B029-73C4C6DBB3F5}.Debug|Any CPU.Build.0 = Debug|Any CPU
		{9B239CD6-1C9D-4149-B029-73C4C6DBB3F5}.Debug|x64.ActiveCfg = Debug|Any CPU
		{9B239CD6-1C9D-4149-B029-73C4C6DBB3F5}.Debug|x64.Build.0 = Debug|Any CPU
		{9B239CD6-1C9D-4149-B029-73C4C6DBB3F5}.Release|Any CPU.ActiveCfg = Release|Any CPU
		{9B239CD6-1C9D-4149-B029-73C4C6DBB3F5}.Release|Any CPU.Build.0 = Release|Any CPU
		{9B239CD6-1C9D-4149-B029-73C4C6DBB3F5}.Release|x64.ActiveCfg = Release|Any CPU
		{9B239CD6-1C9D-4149-B029-73C4C6DBB3F5}.Release|x64.Build.0 = Release|Any CPU
	EndGlobalSection
	GlobalSection(SolutionProperties) = preSolution
		HideSolutionNode = FALSE
	EndGlobalSection
	GlobalSection(ExtensibilityGlobals) = postSolution
		SolutionGuid = {3D8A1F1D-0E27-412E-9E5C-C16121B7990D}
	EndGlobalSection
EndGlobal
